
Microsoft Visual Studio Solution File, Format Version 12.00
# Visual Studio Version 16
VisualStudioVersion = 16.0.31205.134
MinimumVisualStudioVersion = 10.0.40219.1
Project("{FAE04EC0-301F-11D3-BF4B-00C04F79EFBC}") = "HW9", "HW9\HW9.csproj", "{47E919F4-445A-461C-96E4-0BA8A8550C34}"
EndProject
Project("{FAE04EC0-301F-11D3-BF4B-00C04F79EFBC}") = "HW9.2", "HW9.2\HW9.2.csproj", "{8EA77B78-B628-42DF-9D25-6F5099C2BC83}"
EndProject
Global
	GlobalSection(SolutionConfigurationPlatforms) = preSolution
		Debug|Any CPU = Debug|Any CPU
		Release|Any CPU = Release|Any CPU
	EndGlobalSection
	GlobalSection(ProjectConfigurationPlatforms) = postSolution
		{47E919F4-445A-461C-96E4-0BA8A8550C34}.Debug|Any CPU.ActiveCfg = Debug|Any CPU
		{47E919F4-445A-461C-96E4-0BA8A8550C34}.Debug|Any CPU.Build.0 = Debug|Any CPU
		{47E919F4-445A-461C-96E4-0BA8A8550C34}.Release|Any CPU.ActiveCfg = Release|Any CPU
		{47E919F4-445A-461C-96E4-0BA8A8550C34}.Release|Any CPU.Build.0 = Release|Any CPU
		{8EA77B78-B628-42DF-9D25-6F5099C2BC83}.Debug|Any CPU.ActiveCfg = Debug|Any CPU
		{8EA77B78-B628-42DF-9D25-6F5099C2BC83}.Debug|Any CPU.Build.0 = Debug|Any CPU
		{8EA77B78-B628-42DF-9D25-6F5099C2BC83}.Release|Any CPU.ActiveCfg = Release|Any CPU
		{8EA77B78-B628-42DF-9D25-6F5099C2BC83}.Release|Any CPU.Build.0 = Release|Any CPU
	EndGlobalSection
	GlobalSection(SolutionProperties) = preSolution
		HideSolutionNode = FALSE
	EndGlobalSection
	GlobalSection(ExtensibilityGlobals) = postSolution
		SolutionGuid = {47B6C82C-0214-462C-81E6-68504D3A09F0}
	EndGlobalSection
EndGlobal
